Microsoft Visual Studio Solution File, Format Version 12.00
# Visual Studio 2012
Project("{FAE04EC0-301F-11D3-BF4B-00C04F79EFBC}") = "2dPlatformer", "2dPlatformer.csproj", "{83ADBBFC-2BBF-4438-8CD2-09AA54CC2573}"
EndProject
Global
	GlobalSection(SolutionConfigurationPlatforms) = preSolution
	Debug|Any CPU = Debug|Any CPU
	ExportDebug|Any CPU = ExportDebug|Any CPU
	ExportRelease|Any CPU = ExportRelease|Any CPU
	EndGlobalSection
	GlobalSection(ProjectConfigurationPlatforms) = postSolution
		{83ADBBFC-2BBF-4438-8CD2-09AA54CC2573}.Debug|Any CPU.ActiveCfg = Debug|Any CPU
		{83ADBBFC-2BBF-4438-8CD2-09AA54CC2573}.Debug|Any CPU.Build.0 = Debug|Any CPU
		{83ADBBFC-2BBF-4438-8CD2-09AA54CC2573}.ExportDebug|Any CPU.ActiveCfg = ExportDebug|Any CPU
		{83ADBBFC-2BBF-4438-8CD2-09AA54CC2573}.ExportDebug|Any CPU.Build.0 = ExportDebug|Any CPU
		{83ADBBFC-2BBF-4438-8CD2-09AA54CC2573}.ExportRelease|Any CPU.ActiveCfg = ExportRelease|Any CPU
		{83ADBBFC-2BBF-4438-8CD2-09AA54CC2573}.ExportRelease|Any CPU.Build.0 = ExportRelease|Any CPU
	EndGlobalSection
EndGlobal
